<?xml version="1.0" encoding="utf-8"?>
<Project ToolsVersion="4.0" xmlns="http://schemas.microsoft.com/developer/msbuild/2003">
  <ItemGroup>
    <Filter Include="Source Files">
      <UniqueIdentifier>{4FC737F1-C7A5-4376-A066-2A32D752A2FF}</UniqueIdentifier>
      <Extensions>cpp;c;cc;cxx;c++;cppm;ixx;def;odl;idl;hpj;bat;asm;asmx</Extensions>
    </Filter>
    <Filter Include="Resource Files">
      <UniqueIdentifier>{67DA6AB6-F800-4c08-8B7A-83BB121AAD01}</UniqueIdentifier>
      <Extensions>rc;ico;cur;bmp;dlg;rc2;rct;bin;rgs;gif;jpg;jpeg;jpe;resx;tiff;tif;png;wav;mfcribbon-ms</Extensions>
    </Filter>
    <Filter Include="D3D11">
      <UniqueIdentifier>{f8a8a474-31a5-44cc-a8e7-f74d0b3dde86}</UniqueIdentifier>
    </Filter>
    <Filter Include="D3D11\D3D11Resources">
      <UniqueIdentifier>{05a2c3f1-7277-4709-9eb5-5e591fdb5059}</UniqueIdentifier>
    </Filter>
    <Filter Include="D3D11\D3D11Resources\ConstantBuffer">
      <UniqueIdentifier>{23462b8e-e66b-425a-9948-8e4fb521a86e}</UniqueIdentifier>
    </Filter>
    <Filter Include="Utilities">
      <UniqueIdentifier>{0d8dbb14-cf76-4132-8702-0e295f682a13}</UniqueIdentifier>
    </Filter>
    <Filter Include="Utilities\Headers">
      <UniqueIdentifier>{94228ffc-41dd-4c88-9a72-9fc286cad107}</UniqueIdentifier>
    </Filter>
    <Filter Include="Utilities\ErrorChecking">
      <UniqueIdentifier>{137ceaed-8f5c-4cac-9a10-3a770c3bbaee}</UniqueIdentifier>
    </Filter>
    <Filter Include="D3D11\D3D11Globals">
      <UniqueIdentifier>{233ea4b8-7932-4e68-a834-d4659335bb46}</UniqueIdentifier>
    </Filter>
    <Filter Include="D3D11\D3D11Resources\IndexBuffer">
      <UniqueIdentifier>{f7bed07a-badd-4c94-b509-d9cd015cfc7d}</UniqueIdentifier>
    </Filter>
    <Filter Include="D3D11\D3D11Resources\VertexShader">
      <UniqueIdentifier>{b2f6b515-ba0d-4607-a1dc-c60200f3f960}</UniqueIdentifier>
    </Filter>
    <Filter Include="D3D11\D3D11Resources\PixelShader">
      <UniqueIdentifier>{c8a88cec-7166-4d2b-b7fa-05c5b1995e94}</UniqueIdentifier>
    </Filter>
    <Filter Include="D3D11\D3D11Resources\VertexBuffer">
      <UniqueIdentifier>{44204170-1487-43c9-b322-d505ea6af526}</UniqueIdentifier>
    </Filter>
    <Filter Include="D3D11\MeshAndTextureResources">
      <UniqueIdentifier>{aeee6f59-408b-407b-91a0-59c82845ebcb}</UniqueIdentifier>
    </Filter>
    <Filter Include="D3D11\MeshAndTextureResources\Mesh">
      <UniqueIdentifier>{cf7d8d23-ec1e-470d-8d1c-32374f9ab2b9}</UniqueIdentifier>
    </Filter>
    <Filter Include="Utilities\Math">
      <UniqueIdentifier>{f129876b-93c1-4480-8b33-7fd694bd38a5}</UniqueIdentifier>
    </Filter>
    <Filter Include="Utilities\UtilityFuncs">
      <UniqueIdentifier>{5a70c8eb-b856-43c0-a491-9a2669a61643}</UniqueIdentifier>
    </Filter>
    <Filter Include="D3D11\MeshAndTextureResources\Texture">
      <UniqueIdentifier>{18210d91-e6e2-4cb2-8be4-24eb4c4cb6d8}</UniqueIdentifier>
    </Filter>
    <Filter Include="D3D11\D3D11Resources\D3D11Manager">
      <UniqueIdentifier>{3148455d-555c-4c67-ab2a-fc6f69e7d9c2}</UniqueIdentifier>
    </Filter>
    <Filter Include="D3D11\MeshAndTextureResources\ResourceManager">
      <UniqueIdentifier>{b785e912-f8fd-4cb4-b3a5-cd711a722afb}</UniqueIdentifier>
    </Filter>
    <Filter Include="D3D11\D3D11Core">
      <UniqueIdentifier>{4a0020af-5b0d-479f-8b69-64c40f8b5e80}</UniqueIdentifier>
    </Filter>
    <Filter Include="Renderer">
      <UniqueIdentifier>{a1b7d5f0-ae5a-4b79-a674-a9fee2eb7048}</UniqueIdentifier>
    </Filter>
    <Filter Include="D3D11\D3D11Headers">
      <UniqueIdentifier>{7f313935-8c25-42e3-afbd-d4c4f55f93ef}</UniqueIdentifier>
    </Filter>
    <Filter Include="Renderer\RendererDX11">
      <UniqueIdentifier>{11ab69ed-47a4-44cb-babb-9f2bd2aaef78}</UniqueIdentifier>
    </Filter>
    <Filter Include="Renderer\RendererHeaders">
      <UniqueIdentifier>{b60459ef-969a-4994-a9c0-a028596fa3fa}</UniqueIdentifier>
    </Filter>
    <Filter Include="ECS">
      <UniqueIdentifier>{95f129a9-3f9d-42a8-8825-e7f7d9e29fbc}</UniqueIdentifier>
    </Filter>
    <Filter Include="ECS\Entity">
      <UniqueIdentifier>{4e0e3cab-c861-4e30-bc8e-80cf74b1b3fc}</UniqueIdentifier>
    </Filter>
    <Filter Include="ECS\Scene">
      <UniqueIdentifier>{b8c8ef22-158f-434e-8250-d179a697adf1}</UniqueIdentifier>
    </Filter>
    <Filter Include="Engine">
      <UniqueIdentifier>{0802dd1f-b6c2-4e3e-9493-9386d55b7624}</UniqueIdentifier>
    </Filter>
    <Filter Include="Engine\Core">
      <UniqueIdentifier>{ffafa153-0cf2-443d-a5a8-a44e129732c7}</UniqueIdentifier>
    </Filter>
    <Filter Include="ECS\Primitive">
      <UniqueIdentifier>{9ac66eff-7637-4ff5-b8fb-867f99d62014}</UniqueIdentifier>
    </Filter>
    <Filter Include="ECS\ECSHeaders">
      <UniqueIdentifier>{d526f631-6fc5-4d7d-b6d4-1b0f24e6f6e3}</UniqueIdentifier>
    </Filter>
    <Filter Include="ECS\Components">
      <UniqueIdentifier>{aa652fb5-937a-45ad-b47d-a0ab7ae6f16b}</UniqueIdentifier>
    </Filter>
    <Filter Include="Engine\Headers">
      <UniqueIdentifier>{ed79160f-acc1-4133-ba1a-1f2ef60092b3}</UniqueIdentifier>
    </Filter>
    <Filter Include="ECS\Components\ModelData">
      <UniqueIdentifier>{4a9130a1-6e72-4452-8387-18178cdf7896}</UniqueIdentifier>
    </Filter>
    <Filter Include="ECS\Components\Camera">
      <UniqueIdentifier>{0f5cde76-1dad-4a76-a678-3e1dffedd8ee}</UniqueIdentifier>
    </Filter>
    <Filter Include="ECS\Entity\EntityChilds">
      <UniqueIdentifier>{58939422-59dc-4edc-af81-ad48f58d6fe3}</UniqueIdentifier>
    </Filter>
    <Filter Include="ECS\Entity\EntityChilds\LocalPlayer">
      <UniqueIdentifier>{1e1b0abb-86f6-4b9d-bbdb-7eda8b780516}</UniqueIdentifier>
    </Filter>
    <Filter Include="ECS\Entity\EntityChilds\NormalEntity">
      <UniqueIdentifier>{8a1db49b-6d2d-4ee5-a2dd-ad160f3dfd32}</UniqueIdentifier>
    </Filter>
    <Filter Include="Window">
      <UniqueIdentifier>{83c28869-e817-486d-8914-36df0d7f146b}</UniqueIdentifier>
    </Filter>
    <Filter Include="Window\WindowGlobals">
      <UniqueIdentifier>{e260829f-a318-4e76-9c48-1ecd69fc6499}</UniqueIdentifier>
    </Filter>
    <Filter Include="ECS\ECSCore">
      <UniqueIdentifier>{178d362c-9296-467c-8b32-4b0441685b86}</UniqueIdentifier>
    </Filter>
    <Filter Include="Renderer\RendererHelpers">
      <UniqueIdentifier>{89578de4-3aa6-4d56-ac55-b7c30a990f50}</UniqueIdentifier>
    </Filter>
    <Filter Include="Renderer\RendererHelpers\ECSToRenderData">
      <UniqueIdentifier>{8fee1bff-5add-49f4-807e-86e3a93ba318}</UniqueIdentifier>
    </Filter>
    <Filter Include="Window\WindowListener">
      <UniqueIdentifier>{fb16dc03-d5df-4995-b61e-d4228c4da3ce}</UniqueIdentifier>
    </Filter>
    <Filter Include="InputHandling">
      <UniqueIdentifier>{b4192c7a-4346-47dd-bad4-a4419cc7f7f7}</UniqueIdentifier>
    </Filter>
    <Filter Include="Window\Window">
      <UniqueIdentifier>{8810ec82-2b7a-4b48-bb86-598f0509f90f}</UniqueIdentifier>
    </Filter>
    <Filter Include="ECS\Components\Light">
      <UniqueIdentifier>{77c64db3-b2a8-4791-9530-269d934e3aa5}</UniqueIdentifier>
    </Filter>
    <Filter Include="Renderer\RendererBaseClass">
      <UniqueIdentifier>{1daedb61-59ee-4d10-9efa-00ca43b483e4}</UniqueIdentifier>
    </Filter>
    <Filter Include="Interface">
      <UniqueIdentifier>{252b8d6b-8f22-4c40-88be-7b9c4338fffa}</UniqueIdentifier>
    </Filter>
    <Filter Include="Interface\IApplication">
      <UniqueIdentifier>{a39acf2b-4a5e-4de1-b121-9de636436fe2}</UniqueIdentifier>
    </Filter>
    <Filter Include="Shaders">
      <UniqueIdentifier>{253d0ec5-9271-4aa4-8fee-707925f3caa4}</UniqueIdentifier>
    </Filter>
    <Filter Include="ECS\Entity\EntityChilds\EntityCamera">
      <UniqueIdentifier>{524e5ab4-93e0-45c9-b43d-554a56d1c878}</UniqueIdentifier>
    </Filter>
  </ItemGroup>
  <ItemGroup>
    <ClInclude Include="D3D11\D3D11Resources\ConstantBuffer.h">
      <Filter>D3D11\D3D11Resources\ConstantBuffer</Filter>
    </ClInclude>
    <ClInclude Include="D3D11\D3D11Resources\ConstantBufferManager.h">
      <Filter>D3D11\D3D11Resources\ConstantBuffer</Filter>
    </ClInclude>
    <ClInclude Include="Utilities\Headers\Headers.h">
      <Filter>Utilities\Headers</Filter>
    </ClInclude>
    <ClInclude Include="Utilities\Headers\HeadersD3D.h">
      <Filter>Utilities\Headers</Filter>
    </ClInclude>
    <ClInclude Include="Utilities\ErrorChecking\CustomException.h">
      <Filter>Utilities\ErrorChecking</Filter>
    </ClInclude>
    <ClInclude Include="Utilities\ErrorChecking\DxgiInfoManager.h">
      <Filter>Utilities\ErrorChecking</Filter>
    </ClInclude>
    <ClInclude Include="D3D11\D3D11Globals\D3D11Globals.h">
      <Filter>D3D11\D3D11Globals</Filter>
    </ClInclude>
    <ClInclude Include="D3D11\D3D11Resources\IndexBuffer.h">
      <Filter>D3D11\D3D11Resources\IndexBuffer</Filter>
    </ClInclude>
    <ClInclude Include="D3D11\D3D11Resources\IndexBufferManager.h">
      <Filter>D3D11\D3D11Resources\IndexBuffer</Filter>
    </ClInclude>
    <ClInclude Include="D3D11\D3D11Resources\VertexShader.h">
      <Filter>D3D11\D3D11Resources\VertexShader</Filter>
    </ClInclude>
    <ClInclude Include="D3D11\D3D11Resources\VertexShaderManager.h">
      <Filter>D3D11\D3D11Resources\VertexShader</Filter>
    </ClInclude>
    <ClInclude Include="D3D11\D3D11Resources\PixelShader.h">
      <Filter>D3D11\D3D11Resources\PixelShader</Filter>
    </ClInclude>
    <ClInclude Include="D3D11\D3D11Resources\PixelShaderManager.h">
      <Filter>D3D11\D3D11Resources\PixelShader</Filter>
    </ClInclude>
    <ClInclude Include="D3D11\D3D11Resources\VertexBuffer.h">
      <Filter>D3D11\D3D11Resources\VertexBuffer</Filter>
    </ClInclude>
    <ClInclude Include="D3D11\D3D11Resources\VertexBufferManager.h">
      <Filter>D3D11\D3D11Resources\VertexBuffer</Filter>
    </ClInclude>
    <ClInclude Include="D3D11\MeshAndTextureResources\Mesh.h">
      <Filter>D3D11\MeshAndTextureResources\Mesh</Filter>
    </ClInclude>
    <ClInclude Include="D3D11\MeshAndTextureResources\MeshManager.h">
      <Filter>D3D11\MeshAndTextureResources\Mesh</Filter>
    </ClInclude>
    <ClInclude Include="Utilities\Headers\VertexMesh.h">
      <Filter>Utilities\Headers</Filter>
    </ClInclude>
    <ClInclude Include="Utilities\Math\Matrix4x4.h">
      <Filter>Utilities\Math</Filter>
    </ClInclude>
    <ClInclude Include="Utilities\Math\Vector2D.h">
      <Filter>Utilities\Math</Filter>
    </ClInclude>
    <ClInclude Include="Utilities\Math\Vector3D.h">
      <Filter>Utilities\Math</Filter>
    </ClInclude>
    <ClInclude Include="Utilities\Math\Vector4D.h">
      <Filter>Utilities\Math</Filter>
    </ClInclude>
    <ClInclude Include="D3D11\MeshAndTextureResources\MeshManagerHelpers.h">
      <Filter>D3D11\MeshAndTextureResources\Mesh</Filter>
    </ClInclude>
    <ClInclude Include="Utilities\UtilitiyFuncs\utilityFunctions.h">
      <Filter>Utilities\UtilityFuncs</Filter>
    </ClInclude>
    <ClInclude Include="D3D11\MeshAndTextureResources\Texture.h">
      <Filter>D3D11\MeshAndTextureResources\Texture</Filter>
    </ClInclude>
    <ClInclude Include="D3D11\MeshAndTextureResources\TextureManager.h">
      <Filter>D3D11\MeshAndTextureResources\Texture</Filter>
    </ClInclude>
    <ClInclude Include="D3D11\D3D11Resources\D3DManager.h">
      <Filter>D3D11\D3D11Resources\D3D11Manager</Filter>
    </ClInclude>
    <ClInclude Include="D3D11\MeshAndTextureResources\ResourceManager.h">
      <Filter>D3D11\MeshAndTextureResources\ResourceManager</Filter>
    </ClInclude>
    <ClInclude Include="D3D11\D3D11Core\D3D11Core.h">
      <Filter>D3D11\D3D11Core</Filter>
    </ClInclude>
    <ClInclude Include="D3D11\D3D11Headers\D3D11Structs.h">
      <Filter>D3D11\D3D11Headers</Filter>
    </ClInclude>
    <ClInclude Include="Renderer\RendererDX11\RendererDX11.h">
      <Filter>Renderer\RendererDX11</Filter>
    </ClInclude>
    <ClInclude Include="Renderer\RendererHeaders\RendererStructs.h">
      <Filter>Renderer\RendererHeaders</Filter>
    </ClInclude>
    <ClInclude Include="ECS\Entity\Entity.h">
      <Filter>ECS\Entity</Filter>
    </ClInclude>
    <ClInclude Include="ECS\Scene\Scene.h">
      <Filter>ECS\Scene</Filter>
    </ClInclude>
    <ClInclude Include="Engine\EngineCore\GraphicEngine.h">
      <Filter>Engine\Core</Filter>
    </ClInclude>
    <ClInclude Include="ECS\Entity\Primitive\Primitive.h">
      <Filter>ECS\Primitive</Filter>
    </ClInclude>
    <ClInclude Include="ECS\ECSHeaders\EntityStructs.h">
      <Filter>ECS\ECSHeaders</Filter>
    </ClInclude>
    <ClInclude Include="ECS\Entity\Primitive\PrimitiveManager.h">
      <Filter>ECS\Primitive</Filter>
    </ClInclude>
    <ClInclude Include="Engine\Headers\EngineStructs.h">
      <Filter>Engine\Headers</Filter>
    </ClInclude>
    <ClInclude Include="ECS\Components\ModelData.h">
      <Filter>ECS\Components\ModelData</Filter>
    </ClInclude>
    <ClInclude Include="ECS\Components\Camera.h">
      <Filter>ECS\Components\Camera</Filter>
    </ClInclude>
    <ClInclude Include="ECS\Entity\EntityManager.h">
      <Filter>ECS\Entity</Filter>
    </ClInclude>
    <ClInclude Include="ECS\Entity\EntityChilds\LocalPlayer.h">
      <Filter>ECS\Entity\EntityChilds\LocalPlayer</Filter>
    </ClInclude>
    <ClInclude Include="ECS\Entity\EntityChilds\NormalEntity.h">
      <Filter>ECS\Entity\EntityChilds\NormalEntity</Filter>
    </ClInclude>
    <ClInclude Include="ECS\Scene\SceneManager.h">
      <Filter>ECS\Scene</Filter>
    </ClInclude>
    <ClInclude Include="Window\WindowGlobals.h">
      <Filter>Window\WindowGlobals</Filter>
    </ClInclude>
    <ClInclude Include="ECS\ECSCore.h">
      <Filter>ECS\ECSCore</Filter>
    </ClInclude>
    <ClInclude Include="Renderer\RendererHelpers\ECSToRendererData.h">
      <Filter>Renderer\RendererHelpers\ECSToRenderData</Filter>
    </ClInclude>
    <ClInclude Include="Window\WindowListener.h">
      <Filter>Window\WindowListener</Filter>
    </ClInclude>
    <ClInclude Include="InputHandling\InputListener.h">
      <Filter>InputHandling</Filter>
    </ClInclude>
    <ClInclude Include="Utilities\Headers\GlobalStructs.h">
      <Filter>Utilities\Headers</Filter>
    </ClInclude>
    <ClInclude Include="InputHandling\InputSystem.h">
      <Filter>InputHandling</Filter>
    </ClInclude>
    <ClInclude Include="Window\Window.h">
      <Filter>Window\Window</Filter>
    </ClInclude>
    <ClInclude Include="Utilities\Math\MathUtils.h">
      <Filter>Utilities\Math</Filter>
    </ClInclude>
    <ClInclude Include="ECS\Components\Light.h">
      <Filter>ECS\Components\Light</Filter>
    </ClInclude>
    <ClInclude Include="Renderer\Renderer.h">
      <Filter>Renderer\RendererBaseClass</Filter>
    </ClInclude>
    <ClInclude Include="Interface\IApplication\IApplication.h">
      <Filter>Interface\IApplication</Filter>
    </ClInclude>
    <ClInclude Include="ECS\Entity\EntityChilds\Entity_Camera.h">
      <Filter>ECS\Entity\EntityChilds\EntityCamera</Filter>
    </ClInclude>
  </ItemGroup>
  <ItemGroup>
    <ClCompile Include="D3D11\D3D11Resources\ConstantBuffer.cpp">
      <Filter>D3D11\D3D11Resources\ConstantBuffer</Filter>
    </ClCompile>
    <ClCompile Include="D3D11\D3D11Resources\ConstantBufferManager.cpp">
      <Filter>D3D11\D3D11Resources\ConstantBuffer</Filter>
    </ClCompile>
    <ClCompile Include="Utilities\ErrorChecking\CustomException.cpp">
      <Filter>Utilities\ErrorChecking</Filter>
    </ClCompile>
    <ClCompile Include="Utilities\ErrorChecking\DxgiInfoManager.cpp">
      <Filter>Utilities\ErrorChecking</Filter>
    </ClCompile>
    <ClCompile Include="D3D11\D3D11Globals\D3D11Globals.cpp">
      <Filter>D3D11\D3D11Globals</Filter>
    </ClCompile>
    <ClCompile Include="D3D11\D3D11Resources\IndexBuffer.cpp">
      <Filter>D3D11\D3D11Resources\IndexBuffer</Filter>
    </ClCompile>
    <ClCompile Include="D3D11\D3D11Resources\IndexBufferManager.cpp">
      <Filter>D3D11\D3D11Resources\IndexBuffer</Filter>
    </ClCompile>
    <ClCompile Include="D3D11\D3D11Resources\VertexShader.cpp">
      <Filter>D3D11\D3D11Resources\VertexShader</Filter>
    </ClCompile>
    <ClCompile Include="D3D11\D3D11Resources\VertexShaderManager.cpp">
      <Filter>D3D11\D3D11Resources\VertexShader</Filter>
    </ClCompile>
    <ClCompile Include="D3D11\D3D11Resources\PixelShader.cpp">
      <Filter>D3D11\D3D11Resources\PixelShader</Filter>
    </ClCompile>
    <ClCompile Include="D3D11\D3D11Resources\PixelShaderManager.cpp">
      <Filter>D3D11\D3D11Resources\PixelShader</Filter>
    </ClCompile>
    <ClCompile Include="D3D11\D3D11Resources\VertexBuffer.cpp">
      <Filter>D3D11\D3D11Resources\VertexBuffer</Filter>
    </ClCompile>
    <ClCompile Include="D3D11\D3D11Resources\VertexBufferManager.cpp">
      <Filter>D3D11\D3D11Resources\VertexBuffer</Filter>
    </ClCompile>
    <ClCompile Include="D3D11\MeshAndTextureResources\Mesh.cpp">
      <Filter>D3D11\MeshAndTextureResources\Mesh</Filter>
    </ClCompile>
    <ClCompile Include="D3D11\MeshAndTextureResources\MeshManager.cpp">
      <Filter>D3D11\MeshAndTextureResources\Mesh</Filter>
    </ClCompile>
    <ClCompile Include="Utilities\UtilitiyFuncs\utilityFunctions.cpp">
      <Filter>Utilities\UtilityFuncs</Filter>
    </ClCompile>
    <ClCompile Include="D3D11\MeshAndTextureResources\Texture.cpp">
      <Filter>D3D11\MeshAndTextureResources\Texture</Filter>
    </ClCompile>
    <ClCompile Include="D3D11\MeshAndTextureResources\TextureManager.cpp">
      <Filter>D3D11\MeshAndTextureResources\Texture</Filter>
    </ClCompile>
    <ClCompile Include="D3D11\D3D11Resources\D3DManager.cpp">
      <Filter>D3D11\D3D11Resources\D3D11Manager</Filter>
    </ClCompile>
    <ClCompile Include="D3D11\MeshAndTextureResources\ResourceManager.cpp">
      <Filter>D3D11\MeshAndTextureResources\ResourceManager</Filter>
    </ClCompile>
    <ClCompile Include="D3D11\D3D11Core\D3D11Core.cpp">
      <Filter>D3D11\D3D11Core</Filter>
    </ClCompile>
    <ClCompile Include="Renderer\RendererDX11\RendererDX11.cpp">
      <Filter>Renderer\RendererDX11</Filter>
    </ClCompile>
    <ClCompile Include="ECS\Entity\Entity.cpp">
      <Filter>ECS\Entity</Filter>
    </ClCompile>
    <ClCompile Include="ECS\Scene\Scene.cpp">
      <Filter>ECS\Scene</Filter>
    </ClCompile>
    <ClCompile Include="Engine\EngineCore\GraphicEngine.cpp">
      <Filter>Engine\Core</Filter>
    </ClCompile>
    <ClCompile Include="ECS\Entity\Primitive\Primitive.cpp">
      <Filter>ECS\Primitive</Filter>
    </ClCompile>
    <ClCompile Include="ECS\Entity\Primitive\PrimitiveManager.cpp">
      <Filter>ECS\Primitive</Filter>
    </ClCompile>
    <ClCompile Include="ECS\Components\ModelData.cpp">
      <Filter>ECS\Components\ModelData</Filter>
    </ClCompile>
    <ClCompile Include="ECS\Components\Camera.cpp">
      <Filter>ECS\Components\Camera</Filter>
    </ClCompile>
    <ClCompile Include="ECS\Entity\EntityManager.cpp">
      <Filter>ECS\Entity</Filter>
    </ClCompile>
    <ClCompile Include="ECS\Entity\EntityChilds\LocalPlayer.cpp">
      <Filter>ECS\Entity\EntityChilds\LocalPlayer</Filter>
    </ClCompile>
    <ClCompile Include="ECS\Entity\EntityChilds\NormalEntity.cpp">
      <Filter>ECS\Entity\EntityChilds\NormalEntity</Filter>
    </ClCompile>
    <ClCompile Include="ECS\Scene\SceneManager.cpp">
      <Filter>ECS\Scene</Filter>
    </ClCompile>
    <ClCompile Include="Window\WindowGlobals.cpp">
      <Filter>Window\WindowGlobals</Filter>
    </ClCompile>
    <ClCompile Include="ECS\ECSCore.cpp">
      <Filter>ECS\ECSCore</Filter>
    </ClCompile>
    <ClCompile Include="Renderer\RendererHelpers\ECSToRendererData.cpp">
      <Filter>Renderer\RendererHelpers\ECSToRenderData</Filter>
    </ClCompile>
    <ClCompile Include="InputHandling\InputSystem.cpp">
      <Filter>InputHandling</Filter>
    </ClCompile>
    <ClCompile Include="Window\Window.cpp">
      <Filter>Window\Window</Filter>
    </ClCompile>
    <ClCompile Include="ECS\Components\Light.cpp">
      <Filter>ECS\Components\Light</Filter>
    </ClCompile>
    <ClCompile Include="Renderer\Renderer.cpp">
      <Filter>Renderer\RendererBaseClass</Filter>
    </ClCompile>
    <ClCompile Include="Interface\IApplication\IApplication.cpp">
      <Filter>Interface\IApplication</Filter>
    </ClCompile>
    <ClCompile Include="ECS\Entity\EntityChilds\Entity_Camera.cpp">
      <Filter>ECS\Entity\EntityChilds\EntityCamera</Filter>
    </ClCompile>
  </ItemGroup>
  <ItemGroup>
    <FxCompile Include="..\Shaders\pixelShader_DL.hlsl">
      <Filter>Shaders</Filter>
    </FxCompile>
    <FxCompile Include="..\Shaders\vertexShader.hlsl">
      <Filter>Shaders</Filter>
    </FxCompile>
  </ItemGroup>
  <ItemGroup>
    <None Include="packages.config" />
  </ItemGroup>
</Project>